// !$*UTF8*$!
{
	archiveVersion = 1;
	classes = {
	};
	objectVersion = 50;
	objects = {

/* Begin PBXBuildFile section */
		1171E8CD24E463A200A78BA5 /* AppDelegate.swift in Sources */ = {isa = PBXBuildFile; fileRef = 1171E8CC24E463A200A78BA5 /* AppDelegate.swift */; };
		1171E8D624E463A700A78BA5 /* Assets.xcassets in Resources */ = {isa = PBXBuildFile; fileRef = 1171E8D524E463A700A78BA5 /* Assets.xcassets */; };
		1171E8D924E463A700A78BA5 /* LaunchScreen.storyboard in Resources */ = {isa = PBXBuildFile; fileRef = 1171E8D724E463A700A78BA5 /* LaunchScreen.storyboard */; };
		1171E8E424E463A700A78BA5 /* TestqiitaClientTests.swift in Sources */ = {isa = PBXBuildFile; fileRef = 1171E8E324E463A700A78BA5 /* TestqiitaClientTests.swift */; };
		119C67A524EB20B400702FEF /* TestqiitaClientTests2.swift in Sources */ = {isa = PBXBuildFile; fileRef = 119C67A424EB20B400702FEF /* TestqiitaClientTests2.swift */; };
		119C67B124EBD3FB00702FEF /* ArticleListAPIClient.swift in Sources */ = {isa = PBXBuildFile; fileRef = 1171E8F924E5C81500A78BA5 /* ArticleListAPIClient.swift */; };
		119C67B224EBD40600702FEF /* Article.swift in Sources */ = {isa = PBXBuildFile; fileRef = 1171E8F324E5AA2500A78BA5 /* Article.swift */; };
		119C67C124EC035700702FEF /* ArticleListViewController.swift in Sources */ = {isa = PBXBuildFile; fileRef = 1171E8EE24E466B200A78BA5 /* ArticleListViewController.swift */; };
		119C67C224EC03AA00702FEF /* ArticleListAPIClientProtocol.swift in Sources */ = {isa = PBXBuildFile; fileRef = 1171E8F524E5AA8600A78BA5 /* ArticleListAPIClientProtocol.swift */; };
		119C67C424EC087600702FEF /* SceneDelegate.swift in Sources */ = {isa = PBXBuildFile; fileRef = 1171E8CE24E463A200A78BA5 /* SceneDelegate.swift */; };
		119C67C524EC329500702FEF /* SceneDelegate.swift in Sources */ = {isa = PBXBuildFile; fileRef = 1171E8CE24E463A200A78BA5 /* SceneDelegate.swift */; };
		119C67C624EC329A00702FEF /* ArticleListViewController.swift in Sources */ = {isa = PBXBuildFile; fileRef = 1171E8EE24E466B200A78BA5 /* ArticleListViewController.swift */; };
		119C67C724EC329C00702FEF /* Article.swift in Sources */ = {isa = PBXBuildFile; fileRef = 1171E8F324E5AA2500A78BA5 /* Article.swift */; };
		119C67C824EC329F00702FEF /* ArticleListAPIClient.swift in Sources */ = {isa = PBXBuildFile; fileRef = 1171E8F924E5C81500A78BA5 /* ArticleListAPIClient.swift */; };
		119C67C924EC32A100702FEF /* ArticleListAPIClientProtocol.swift in Sources */ = {isa = PBXBuildFile; fileRef = 1171E8F524E5AA8600A78BA5 /* ArticleListAPIClientProtocol.swift */; };
/* End PBXBuildFile section */

/* Begin PBXContainerItemProxy section */
		1171E8E024E463A700A78BA5 /* PBXContainerItemProxy */ = {
			isa = PBXContainerItemProxy;
			containerPortal = 1171E8C124E463A200A78BA5 /* Project object */;
			proxyType = 1;
			remoteGlobalIDString = 1171E8C824E463A200A78BA5;
			remoteInfo = TestqiitaClient;
		};
		119C67A724EB20B400702FEF /* PBXContainerItemProxy */ = {
			isa = PBXContainerItemProxy;
			containerPortal = 1171E8C124E463A200A78BA5 /* Project object */;
			proxyType = 1;
			remoteGlobalIDString = 1171E8C824E463A200A78BA5;
			remoteInfo = TestqiitaClient;
		};
/* End PBXContainerItemProxy section */

/* Begin PBXFileReference section */
		1171E8C924E463A200A78BA5 /* TestqiitaClient.app */ = {isa = PBXFileReference; explicitFileType = wrapper.application; includeInIndex = 0; path = TestqiitaClient.app; sourceTree = BUILT_PRODUCTS_DIR; };
		1171E8CC24E463A200A78BA5 /* AppDelegate.swift */ = {isa = PBXFileReference; lastKnownFileType = sourcecode.swift; path = AppDelegate.swift; sourceTree = "<group>"; };
		1171E8CE24E463A200A78BA5 /* SceneDelegate.swift */ = {isa = PBXFileReference; lastKnownFileType = sourcecode.swift; path = SceneDelegate.swift; sourceTree = "<group>"; };
		1171E8D524E463A700A78BA5 /* Assets.xcassets */ = {isa = PBXFileReference; lastKnownFileType = folder.assetcatalog; path = Assets.xcassets; sourceTree = "<group>"; };
		1171E8D824E463A700A78BA5 /* Base */ = {isa = PBXFileReference; lastKnownFileType = file.storyboard; name = Base; path = Base.lproj/LaunchScreen.storyboard; sourceTree = "<group>"; };
		1171E8DA24E463A700A78BA5 /* Info.plist */ = {isa = PBXFileReference; lastKnownFileType = text.plist.xml; path = Info.plist; sourceTree = "<group>"; };
		1171E8DF24E463A700A78BA5 /* TestqiitaClientTests.xctest */ = {isa = PBXFileReference; explicitFileType = wrapper.cfbundle; includeInIndex = 0; path = TestqiitaClientTests.xctest; sourceTree = BUILT_PRODUCTS_DIR; };
		1171E8E324E463A700A78BA5 /* TestqiitaClientTests.swift */ = {isa = PBXFileReference; lastKnownFileType = sourcecode.swift; path = TestqiitaClientTests.swift; sourceTree = "<group>"; };
		1171E8E524E463A700A78BA5 /* Info.plist */ = {isa = PBXFileReference; lastKnownFileType = text.plist.xml; path = Info.plist; sourceTree = "<group>"; };
		1171E8EE24E466B200A78BA5 /* ArticleListViewController.swift */ = {isa = PBXFileReference; lastKnownFileType = sourcecode.swift; path = ArticleListViewController.swift; sourceTree = "<group>"; };
		1171E8F324E5AA2500A78BA5 /* Article.swift */ = {isa = PBXFileReference; lastKnownFileType = sourcecode.swift; path = Article.swift; sourceTree = "<group>"; };
		1171E8F524E5AA8600A78BA5 /* ArticleListAPIClientProtocol.swift */ = {isa = PBXFileReference; lastKnownFileType = sourcecode.swift; path = ArticleListAPIClientProtocol.swift; sourceTree = "<group>"; };
		1171E8F924E5C81500A78BA5 /* ArticleListAPIClient.swift */ = {isa = PBXFileReference; lastKnownFileType = sourcecode.swift; path = ArticleListAPIClient.swift; sourceTree = "<group>"; };
		119C67A224EB20B400702FEF /* TestqiitaClientTests2.xctest */ = {isa = PBXFileReference; explicitFileType = wrapper.cfbundle; includeInIndex = 0; path = TestqiitaClientTests2.xctest; sourceTree = BUILT_PRODUCTS_DIR; };
		119C67A424EB20B400702FEF /* TestqiitaClientTests2.swift */ = {isa = PBXFileReference; lastKnownFileType = sourcecode.swift; path = TestqiitaClientTests2.swift; sourceTree = "<group>"; };
		119C67A624EB20B400702FEF /* Info.plist */ = {isa = PBXFileReference; lastKnownFileType = text.plist.xml; path = Info.plist; sourceTree = "<group>"; };
/* End PBXFileReference section */

/* Begin PBXFrameworksBuildPhase section */
		1171E8C624E463A200A78BA5 /* Frameworks */ = {
			isa = PBXFrameworksBuildPhase;
			buildActionMask = 2147483647;
			files = (
			);
			runOnlyForDeploymentPostprocessing = 0;
		};
		1171E8DC24E463A700A78BA5 /* Frameworks */ = {
			isa = PBXFrameworksBuildPhase;
			buildActionMask = 2147483647;
			files = (
			);
			runOnlyForDeploymentPostprocessing = 0;
		};
		119C679F24EB20B400702FEF /* Frameworks */ = {
			isa = PBXFrameworksBuildPhase;
			buildActionMask = 2147483647;
			files = (
			);
			runOnlyForDeploymentPostprocessing = 0;
		};
/* End PBXFrameworksBuildPhase section */

/* Begin PBXGroup section */
		1171E8C024E463A200A78BA5 = {
			isa = PBXGroup;
			children = (
				1171E8CB24E463A200A78BA5 /* TestqiitaClient */,
				1171E8E224E463A700A78BA5 /* TestqiitaClientTests */,
				119C67A324EB20B400702FEF /* TestqiitaClientTests2 */,
				1171E8CA24E463A200A78BA5 /* Products */,
			);
			sourceTree = "<group>";
		};
		1171E8CA24E463A200A78BA5 /* Products */ = {
			isa = PBXGroup;
			children = (
				1171E8C924E463A200A78BA5 /* TestqiitaClient.app */,
				1171E8DF24E463A700A78BA5 /* TestqiitaClientTests.xctest */,
				119C67A224EB20B400702FEF /* TestqiitaClientTests2.xctest */,
			);
			name = Products;
			sourceTree = "<group>";
		};
		1171E8CB24E463A200A78BA5 /* TestqiitaClient */ = {
			isa = PBXGroup;
			children = (
				1171E8CC24E463A200A78BA5 /* AppDelegate.swift */,
				1171E8CE24E463A200A78BA5 /* SceneDelegate.swift */,
				1171E8D524E463A700A78BA5 /* Assets.xcassets */,
				1171E8D724E463A700A78BA5 /* LaunchScreen.storyboard */,
				1171E8DA24E463A700A78BA5 /* Info.plist */,
				1171E8EE24E466B200A78BA5 /* ArticleListViewController.swift */,
				1171E8F324E5AA2500A78BA5 /* Article.swift */,
				1171E8F924E5C81500A78BA5 /* ArticleListAPIClient.swift */,
				1171E8F524E5AA8600A78BA5 /* ArticleListAPIClientProtocol.swift */,
			);
			path = TestqiitaClient;
			sourceTree = "<group>";
		};
		1171E8E224E463A700A78BA5 /* TestqiitaClientTests */ = {
			isa = PBXGroup;
			children = (
				1171E8E324E463A700A78BA5 /* TestqiitaClientTests.swift */,
				1171E8E524E463A700A78BA5 /* Info.plist */,
			);
			path = TestqiitaClientTests;
			sourceTree = "<group>";
		};
		119C67A324EB20B400702FEF /* TestqiitaClientTests2 */ = {
			isa = PBXGroup;
			children = (
				119C67A424EB20B400702FEF /* TestqiitaClientTests2.swift */,
				119C67A624EB20B400702FEF /* Info.plist */,
			);
			path = TestqiitaClientTests2;
			sourceTree = "<group>";
		};
/* End PBXGroup section */

/* Begin PBXNativeTarget section */
		1171E8C824E463A200A78BA5 /* TestqiitaClient */ = {
			isa = PBXNativeTarget;
			buildConfigurationList = 1171E8E824E463A700A78BA5 /* Build configuration list for PBXNativeTarget "TestqiitaClient" */;
			buildPhases = (
				1171E8C524E463A200A78BA5 /* Sources */,
				1171E8C624E463A200A78BA5 /* Frameworks */,
				1171E8C724E463A200A78BA5 /* Resources */,
			);
			buildRules = (
			);
			dependencies = (
			);
			name = TestqiitaClient;
			productName = TestqiitaClient;
			productReference = 1171E8C924E463A200A78BA5 /* TestqiitaClient.app */;
			productType = "com.apple.product-type.application";
		};
		1171E8DE24E463A700A78BA5 /* TestqiitaClientTests */ = {
			isa = PBXNativeTarget;
			buildConfigurationList = 1171E8EB24E463A700A78BA5 /* Build configuration list for PBXNativeTarget "TestqiitaClientTests" */;
			buildPhases = (
				1171E8DB24E463A700A78BA5 /* Sources */,
				1171E8DC24E463A700A78BA5 /* Frameworks */,
				1171E8DD24E463A700A78BA5 /* Resources */,
			);
			buildRules = (
			);
			dependencies = (
				1171E8E124E463A700A78BA5 /* PBXTargetDependency */,
			);
			name = TestqiitaClientTests;
			productName = TestqiitaClientTests;
			productReference = 1171E8DF24E463A700A78BA5 /* TestqiitaClientTests.xctest */;
			productType = "com.apple.product-type.bundle.unit-test";
		};
		119C67A124EB20B400702FEF /* TestqiitaClientTests2 */ = {
			isa = PBXNativeTarget;
			buildConfigurationList = 119C67AB24EB20B400702FEF /* Build configuration list for PBXNativeTarget "TestqiitaClientTests2" */;
			buildPhases = (
				119C679E24EB20B400702FEF /* Sources */,
				119C679F24EB20B400702FEF /* Frameworks */,
				119C67A024EB20B400702FEF /* Resources */,
			);
			buildRules = (
			);
			dependencies = (
				119C67A824EB20B400702FEF /* PBXTargetDependency */,
			);
			name = TestqiitaClientTests2;
			productName = TestqiitaClientTests2;
			productReference = 119C67A224EB20B400702FEF /* TestqiitaClientTests2.xctest */;
			productType = "com.apple.product-type.bundle.unit-test";
		};
/* End PBXNativeTarget section */

/* Begin PBXProject section */
		1171E8C124E463A200A78BA5 /* Project object */ = {
			isa = PBXProject;
			attributes = {
				LastSwiftUpdateCheck = 1160;
				LastUpgradeCheck = 1160;
				ORGANIZATIONNAME = "Yoshiki Tachi";
				TargetAttributes = {
					1171E8C824E463A200A78BA5 = {
						CreatedOnToolsVersion = 11.6;
					};
					1171E8DE24E463A700A78BA5 = {
						CreatedOnToolsVersion = 11.6;
						TestTargetID = 1171E8C824E463A200A78BA5;
					};
					119C67A124EB20B400702FEF = {
						CreatedOnToolsVersion = 11.6;
						TestTargetID = 1171E8C824E463A200A78BA5;
					};
				};
			};
			buildConfigurationList = 1171E8C424E463A200A78BA5 /* Build configuration list for PBXProject "TestqiitaClient" */;
			compatibilityVersion = "Xcode 9.3";
			developmentRegion = en;
			hasScannedForEncodings = 0;
			knownRegions = (
				en,
				Base,
			);
			mainGroup = 1171E8C024E463A200A78BA5;
			productRefGroup = 1171E8CA24E463A200A78BA5 /* Products */;
			projectDirPath = "";
			projectRoot = "";
			targets = (
				1171E8C824E463A200A78BA5 /* TestqiitaClient */,
				1171E8DE24E463A700A78BA5 /* TestqiitaClientTests */,
				119C67A124EB20B400702FEF /* TestqiitaClientTests2 */,
			);
		};
/* End PBXProject section */

/* Begin PBXResourcesBuildPhase section */
		1171E8C724E463A200A78BA5 /* Resources */ = {
			isa = PBXResourcesBuildPhase;
			buildActionMask = 2147483647;
			files = (
				1171E8D924E463A700A78BA5 /* LaunchScreen.storyboard in Resources */,
				1171E8D624E463A700A78BA5 /* Assets.xcassets in Resources */,
			);
			runOnlyForDeploymentPostprocessing = 0;
		};
		1171E8DD24E463A700A78BA5 /* Resources */ = {
			isa = PBXResourcesBuildPhase;
			buildActionMask = 2147483647;
			files = (
			);
			runOnlyForDeploymentPostprocessing = 0;
		};
		119C67A024EB20B400702FEF /* Resources */ = {
			isa = PBXResourcesBuildPhase;
			buildActionMask = 2147483647;
			files = (
			);
			runOnlyForDeploymentPostprocessing = 0;
		};
/* End PBXResourcesBuildPhase section */

/* Begin PBXSourcesBuildPhase section */
		1171E8C524E463A200A78BA5 /* Sources */ = {
			isa = PBXSourcesBuildPhase;
			buildActionMask = 2147483647;
			files = (
				119C67C924EC32A100702FEF /* ArticleListAPIClientProtocol.swift in Sources */,
				119C67C724EC329C00702FEF /* Article.swift in Sources */,
				119C67C624EC329A00702FEF /* ArticleListViewController.swift in Sources */,
				119C67C824EC329F00702FEF /* ArticleListAPIClient.swift in Sources */,
				1171E8CD24E463A200A78BA5 /* AppDelegate.swift in Sources */,
				119C67C524EC329500702FEF /* SceneDelegate.swift in Sources */,
			);
			runOnlyForDeploymentPostprocessing = 0;
		};
		1171E8DB24E463A700A78BA5 /* Sources */ = {
			isa = PBXSourcesBuildPhase;
			buildActionMask = 2147483647;
			files = (
				119C67C224EC03AA00702FEF /* ArticleListAPIClientProtocol.swift in Sources */,
				1171E8E424E463A700A78BA5 /* TestqiitaClientTests.swift in Sources */,
				119C67B124EBD3FB00702FEF /* ArticleListAPIClient.swift in Sources */,
				119C67C124EC035700702FEF /* ArticleListViewController.swift in Sources */,
				119C67B224EBD40600702FEF /* Article.swift in Sources */,
				119C67C424EC087600702FEF /* SceneDelegate.swift in Sources */,
			);
			runOnlyForDeploymentPostprocessing = 0;
		};
		119C679E24EB20B400702FEF /* Sources */ = {
			isa = PBXSourcesBuildPhase;
			buildActionMask = 2147483647;
			files = (
				119C67A524EB20B400702FEF /* TestqiitaClientTests2.swift in Sources */,
			);
			runOnlyForDeploymentPostprocessing = 0;
		};
/* End PBXSourcesBuildPhase section */

/* Begin PBXTargetDependency section */
		1171E8E124E463A700A78BA5 /* PBXTargetDependency */ = {
			isa = PBXTargetDependency;
			target = 1171E8C824E463A200A78BA5 /* TestqiitaClient */;
			targetProxy = 1171E8E024E463A700A78BA5 /* PBXContainerItemProxy */;
		};
		119C67A824EB20B400702FEF /* PBXTargetDependency */ = {
			isa = PBXTargetDependency;
			target = 1171E8C824E463A200A78BA5 /* TestqiitaClient */;
			targetProxy = 119C67A724EB20B400702FEF /* PBXContainerItemProxy */;
		};
/* End PBXTargetDependency section */

/* Begin PBXVariantGroup section */
		1171E8D724E463A700A78BA5 /* LaunchScreen.storyboard */ = {
			isa = PBXVariantGroup;
			children = (
				1171E8D824E463A700A78BA5 /* Base */,
			);
			name = LaunchScreen.storyboard;
			sourceTree = "<group>";
		};
/* End PBXVariantGroup section */

/* Begin XCBuildConfiguration section */
		1171E8E624E463A700A78BA5 /* Debug */ = {
			isa = XCBuildConfiguration;
			buildSettings = {
				ALWAYS_SEARCH_USER_PATHS = NO;
				CLANG_ANALYZER_NONNULL = YES;
				CLANG_ANALYZER_NUMBER_OBJECT_CONVERSION = YES_AGGRESSIVE;
				CLANG_CXX_LANGUAGE_STANDARD = "gnu++14";
				CLANG_CXX_LIBRARY = "libc++";
				CLANG_ENABLE_MODULES = YES;
				CLANG_ENABLE_OBJC_ARC = YES;
				CLANG_ENABLE_OBJC_WEAK = YES;
				CLANG_WARN_BLOCK_CAPTURE_AUTORELEASING = YES;
				CLANG_WARN_BOOL_CONVERSION = YES;
				CLANG_WARN_COMMA = YES;
				CLANG_WARN_CONSTANT_CONVERSION = YES;
				CLANG_WARN_DEPRECATED_OBJC_IMPLEMENTATIONS = YES;
				CLANG_WARN_DIRECT_OBJC_ISA_USAGE = YES_ERROR;
				CLANG_WARN_DOCUMENTATION_COMMENTS = YES;
				CLANG_WARN_EMPTY_BODY = YES;
				CLANG_WARN_ENUM_CONVERSION = YES;
				CLANG_WARN_INFINITE_RECURSION = YES;
				CLANG_WARN_INT_CONVERSION = YES;
				CLANG_WARN_NON_LITERAL_NULL_CONVERSION = YES;
				CLANG_WARN_OBJC_IMPLICIT_RETAIN_SELF = YES;
				CLANG_WARN_OBJC_LITERAL_CONVERSION = YES;
				CLANG_WARN_OBJC_ROOT_CLASS = YES_ERROR;
				CLANG_WARN_RANGE_LOOP_ANALYSIS = YES;
				CLANG_WARN_STRICT_PROTOTYPES = YES;
				CLANG_WARN_SUSPICIOUS_MOVE = YES;
				CLANG_WARN_UNGUARDED_AVAILABILITY = YES_AGGRESSIVE;
				CLANG_WARN_UNREACHABLE_CODE = YES;
				CLANG_WARN__DUPLICATE_METHOD_MATCH = YES;
				COPY_PHASE_STRIP = NO;
				DEBUG_INFORMATION_FORMAT = dwarf;
				ENABLE_STRICT_OBJC_MSGSEND = YES;
				ENABLE_TESTABILITY = YES;
				GCC_C_LANGUAGE_STANDARD = gnu11;
				GCC_DYNAMIC_NO_PIC = NO;
				GCC_NO_COMMON_BLOCKS = YES;
				GCC_OPTIMIZATION_LEVEL = 0;
				GCC_PREPROCESSOR_DEFINITIONS = (
					"DEBUG=1",
					"$(inherited)",
				);
				GCC_WARN_64_TO_32_BIT_CONVERSION = YES;
				GCC_WARN_ABOUT_RETURN_TYPE = YES_ERROR;
				GCC_WARN_UNDECLARED_SELECTOR = YES;
				GCC_WARN_UNINITIALIZED_AUTOS = YES_AGGRESSIVE;
				GCC_WARN_UNUSED_FUNCTION = YES;
				GCC_WARN_UNUSED_VARIABLE = YES;
				IPHONEOS_DEPLOYMENT_TARGET = 13.6;
				MTL_ENABLE_DEBUG_INFO = INCLUDE_SOURCE;
				MTL_FAST_MATH = YES;
				ONLY_ACTIVE_ARCH = YES;
				SDKROOT = iphoneos;
				SWIFT_ACTIVE_COMPILATION_CONDITIONS = DEBUG;
				SWIFT_OPTIMIZATION_LEVEL = "-Onone";
			};
			name = Debug;
		};
		1171E8E724E463A700A78BA5 /* Release */ = {
			isa = XCBuildConfiguration;
			buildSettings = {
				ALWAYS_SEARCH_USER_PATHS = NO;
				CLANG_ANALYZER_NONNULL = YES;
				CLANG_ANALYZER_NUMBER_OBJECT_CONVERSION = YES_AGGRESSIVE;
				CLANG_CXX_LANGUAGE_STANDARD = "gnu++14";
				CLANG_CXX_LIBRARY = "libc++";
				CLANG_ENABLE_MODULES = YES;
				CLANG_ENABLE_OBJC_ARC = YES;
				CLANG_ENABLE_OBJC_WEAK = YES;
				CLANG_WARN_BLOCK_CAPTURE_AUTORELEASING = YES;
				CLANG_WARN_BOOL_CONVERSION = YES;
				CLANG_WARN_COMMA = YES;
				CLANG_WARN_CONSTANT_CONVERSION = YES;
				CLANG_WARN_DEPRECATED_OBJC_IMPLEMENTATIONS = YES;
				CLANG_WARN_DIRECT_OBJC_ISA_USAGE = YES_ERROR;
				CLANG_WARN_DOCUMENTATION_COMMENTS = YES;
				CLANG_WARN_EMPTY_BODY = YES;
				CLANG_WARN_ENUM_CONVERSION = YES;
				CLANG_WARN_INFINITE_RECURSION = YES;
				CLANG_WARN_INT_CONVERSION = YES;
				CLANG_WARN_NON_LITERAL_NULL_CONVERSION = YES;
				CLANG_WARN_OBJC_IMPLICIT_RETAIN_SELF = YES;
				CLANG_WARN_OBJC_LITERAL_CONVERSION = YES;
				CLANG_WARN_OBJC_ROOT_CLASS = YES_ERROR;
				CLANG_WARN_RANGE_LOOP_ANALYSIS = YES;
				CLANG_WARN_STRICT_PROTOTYPES = YES;
				CLANG_WARN_SUSPICIOUS_MOVE = YES;
				CLANG_WARN_UNGUARDED_AVAILABILITY = YES_AGGRESSIVE;
				CLANG_WARN_UNREACHABLE_CODE = YES;
				CLANG_WARN__DUPLICATE_METHOD_MATCH = YES;
				COPY_PHASE_STRIP = NO;
				DEBUG_INFORMATION_FORMAT = "dwarf-with-dsym";
				ENABLE_NS_ASSERTIONS = NO;
				ENABLE_STRICT_OBJC_MSGSEND = YES;
				GCC_C_LANGUAGE_STANDARD = gnu11;
				GCC_NO_COMMON_BLOCKS = YES;
				GCC_WARN_64_TO_32_BIT_CONVERSION = YES;
				GCC_WARN_ABOUT_RETURN_TYPE = YES_ERROR;
				GCC_WARN_UNDECLARED_SELECTOR = YES;
				GCC_WARN_UNINITIALIZED_AUTOS = YES_AGGRESSIVE;
				GCC_WARN_UNUSED_FUNCTION = YES;
				GCC_WARN_UNUSED_VARIABLE = YES;
				IPHONEOS_DEPLOYMENT_TARGET = 13.6;
				MTL_ENABLE_DEBUG_INFO = NO;
				MTL_FAST_MATH = YES;
				SDKROOT = iphoneos;
				SWIFT_COMPILATION_MODE = wholemodule;
				SWIFT_OPTIMIZATION_LEVEL = "-O";
				VALIDATE_PRODUCT = YES;
			};
			name = Release;
		};
		1171E8E924E463A700A78BA5 /* Debug */ = {
			isa = XCBuildConfiguration;
			buildSettings = {
				ASSETCATALOG_COMPILER_APPICON_NAME = AppIcon;
				CODE_SIGN_STYLE = Automatic;
				INFOPLIST_FILE = TestqiitaClient/Info.plist;
				LD_RUNPATH_SEARCH_PATHS = (
					"$(inherited)",
					"@executable_path/Frameworks",
				);
				PRODUCT_BUNDLE_IDENTIFIER = tiking.TestqiitaClient;
				PRODUCT_NAME = "$(TARGET_NAME)";
				SWIFT_VERSION = 5.0;
				TARGETED_DEVICE_FAMILY = "1,2";
			};
			name = Debug;
		};
		1171E8EA24E463A700A78BA5 /* Release */ = {
			isa = XCBuildConfiguration;
			buildSettings = {
				ASSETCATALOG_COMPILER_APPICON_NAME = AppIcon;
				CODE_SIGN_STYLE = Automatic;
				INFOPLIST_FILE = TestqiitaClient/Info.plist;
				LD_RUNPATH_SEARCH_PATHS = (
					"$(inherited)",
					"@executable_path/Frameworks",
				);
				PRODUCT_BUNDLE_IDENTIFIER = tiking.TestqiitaClient;
				PRODUCT_NAME = "$(TARGET_NAME)";
				SWIFT_VERSION = 5.0;
				TARGETED_DEVICE_FAMILY = "1,2";
			};
			name = Release;
		};
		1171E8EC24E463A700A78BA5 /* Debug */ = {
			isa = XCBuildConfiguration;
			buildSettings = {
				ALWAYS_EMBED_SWIFT_STANDARD_LIBRARIES = YES;
				BUNDLE_LOADER = "$(TEST_HOST)";
				CODE_SIGN_STYLE = Automatic;
				INFOPLIST_FILE = TestqiitaClientTests/Info.plist;
				IPHONEOS_DEPLOYMENT_TARGET = 13.6;
				LD_RUNPATH_SEARCH_PATHS = (
					"$(inherited)",
					"@executable_path/Frameworks",
					"@loader_path/Frameworks",
				);
				PRODUCT_BUNDLE_IDENTIFIER = tiking.TestqiitaClientTests;
				PRODUCT_NAME = "$(TARGET_NAME)";
				SWIFT_VERSION = 5.0;
				TARGETED_DEVICE_FAMILY = "1,2";
				TEST_HOST = "$(BUILT_PRODUCTS_DIR)/TestqiitaClient.app/TestqiitaClient";
			};
			name = Debug;
		};
		1171E8ED24E463A700A78BA5 /* Release */ = {
			isa = XCBuildConfiguration;
			buildSettings = {
				ALWAYS_EMBED_SWIFT_STANDARD_LIBRARIES = YES;
				BUNDLE_LOADER = "$(TEST_HOST)";
				CODE_SIGN_STYLE = Automatic;
				INFOPLIST_FILE = TestqiitaClientTests/Info.plist;
				IPHONEOS_DEPLOYMENT_TARGET = 13.6;
				LD_RUNPATH_SEARCH_PATHS = (
					"$(inherited)",
					"@executable_path/Frameworks",
					"@loader_path/Frameworks",
				);
				PRODUCT_BUNDLE_IDENTIFIER = tiking.TestqiitaClientTests;
				PRODUCT_NAME = "$(TARGET_NAME)";
				SWIFT_VERSION = 5.0;
				TARGETED_DEVICE_FAMILY = "1,2";
				TEST_HOST = "$(BUILT_PRODUCTS_DIR)/TestqiitaClient.app/TestqiitaClient";
			};
			name = Release;
		};
		119C67A924EB20B400702FEF /* Debug */ = {
			isa = XCBuildConfiguration;
			buildSettings = {
				BUNDLE_LOADER = "$(TEST_HOST)";
				CODE_SIGN_STYLE = Automatic;
				INFOPLIST_FILE = TestqiitaClientTests2/Info.plist;
				LD_RUNPATH_SEARCH_PATHS = (
					"$(inherited)",
					"@executable_path/Frameworks",
					"@loader_path/Frameworks",
				);
				PRODUCT_BUNDLE_IDENTIFIER = tiking.TestqiitaClientTests2;
				PRODUCT_NAME = "$(TARGET_NAME)";
				SWIFT_VERSION = 5.0;
				TARGETED_DEVICE_FAMILY = "1,2";
				TEST_HOST = "$(BUILT_PRODUCTS_DIR)/TestqiitaClient.app/TestqiitaClient";
			};
			name = Debug;
		};
		119C67AA24EB20B400702FEF /* Release */ = {
			isa = XCBuildConfiguration;
			buildSettings = {
				BUNDLE_LOADER = "$(TEST_HOST)";
				CODE_SIGN_STYLE = Automatic;
				INFOPLIST_FILE = TestqiitaClientTests2/Info.plist;
				LD_RUNPATH_SEARCH_PATHS = (
					"$(inherited)",
					"@executable_path/Frameworks",
					"@loader_path/Frameworks",
				);
				PRODUCT_BUNDLE_IDENTIFIER = tiking.TestqiitaClientTests2;
				PRODUCT_NAME = "$(TARGET_NAME)";
				SWIFT_VERSION = 5.0;
				TARGETED_DEVICE_FAMILY = "1,2";
				TEST_HOST = "$(BUILT_PRODUCTS_DIR)/TestqiitaClient.app/TestqiitaClient";
			};
			name = Release;
		};
/* End XCBuildConfiguration section */

/* Begin XCConfigurationList section */
		1171E8C424E463A200A78BA5 /* Build configuration list for PBXProject "TestqiitaClient" */ = {
			isa = XCConfigurationList;
			buildConfigurations = (
				1171E8E624E463A700A78BA5 /* Debug */,
				1171E8E724E463A700A78BA5 /* Release */,
			);
			defaultConfigurationIsVisible = 0;
			defaultConfigurationName = Release;
		};
		1171E8E824E463A700A78BA5 /* Build configuration list for PBXNativeTarget "TestqiitaClient" */ = {
			isa = XCConfigurationList;
			buildConfigurations = (
				1171E8E924E463A700A78BA5 /* Debug */,
				1171E8EA24E463A700A78BA5 /* Release */,
			);
			defaultConfigurationIsVisible = 0;
			defaultConfigurationName = Release;
		};
		1171E8EB24E463A700A78BA5 /* Build configuration list for PBXNativeTarget "TestqiitaClientTests" */ = {
			isa = XCConfigurationList;
			buildConfigurations = (
				1171E8EC24E463A700A78BA5 /* Debug */,
				1171E8ED24E463A700A78BA5 /* Release */,
			);
			defaultConfigurationIsVisible = 0;
			defaultConfigurationName = Release;
		};
		119C67AB24EB20B400702FEF /* Build configuration list for PBXNativeTarget "TestqiitaClientTests2" */ = {
			isa = XCConfigurationList;
			buildConfigurations = (
				119C67A924EB20B400702FEF /* Debug */,
				119C67AA24EB20B400702FEF /* Release */,
			);
			defaultConfigurationIsVisible = 0;
			defaultConfigurationName = Release;
		};
/* End XCConfigurationList section */
	};
	rootObject = 1171E8C124E463A200A78BA5 /* Project object */;
}
